Microsoft Visual Studio Solution File, Format Version 12.00
# Visual Studio Version 17
VisualStudioVersion = 17.5.2.0
MinimumVisualStudioVersion = 10.0.40219.1
Project("{FAE04EC0-301F-11D3-BF4B-00C04F79EFBC}") = "detekcezmen", "detekcezmen.csproj", "{AB6CDF99-1A55-4762-8C81-4C09A54BD8B8}"
EndProject
Global
	GlobalSection(SolutionConfigurationPlatforms) = preSolution
		Debug|Any CPU = Debug|Any CPU
		Release|Any CPU = Release|Any CPU
	EndGlobalSection
	GlobalSection(ProjectConfigurationPlatforms) = postSolution
		{AB6CDF99-1A55-4762-8C81-4C09A54BD8B8}.Debug|Any CPU.ActiveCfg = Debug|Any CPU
		{AB6CDF99-1A55-4762-8C81-4C09A54BD8B8}.Debug|Any CPU.Build.0 = Debug|Any CPU
		{AB6CDF99-1A55-4762-8C81-4C09A54BD8B8}.Release|Any CPU.ActiveCfg = Release|Any CPU
		{AB6CDF99-1A55-4762-8C81-4C09A54BD8B8}.Release|Any CPU.Build.0 = Release|Any CPU
	EndGlobalSection
	GlobalSection(SolutionProperties) = preSolution
		HideSolutionNode = FALSE
	EndGlobalSection
	GlobalSection(ExtensibilityGlobals) = postSolution
		SolutionGuid = {1959530D-1CF6-44EA-A898-1EB83E5B6022}
	EndGlobalSection
EndGlobal
